
Microsoft Visual Studio Solution File, Format Version 12.00
# Visual Studio Version 17
VisualStudioVersion = 17.0.31903.59
MinimumVisualStudioVersion = 10.0.40219.1
Project("{2150E333-8FDC-42A3-9474-1A3956D46DE8}") = "src", "src", "{827E0CD3-B72D-47B6-A68D-7590B98EB39B}"
EndProject
Project("{2150E333-8FDC-42A3-9474-1A3956D46DE8}") = "libs", "libs", "{0A7E2F41-3C55-4F2B-9B47-2E4A6D0C9E11}"
EndProject
Project("{F2A71F9B-5D33-465A-A702-920D77279786}") = "Zest.Core", "libs\Zest.Core\Zest.Core.fsproj", "{5D9F09AF-4705-4B7F-A0EF-37FD8BE1F1D7}"
EndProject
Project("{F2A71F9B-5D33-465A-A702-920D77279786}") = "Zest.Compiler", "src\Zest.Compiler\Zest.Compiler.fsproj", "{DFF61191-9AC2-4A58-89D7-1197E0AE4490}"
EndProject
Project("{F2A71F9B-5D33-465A-A702-920D77279786}") = "Zest.Markup", "src\Zest.Markup\Zest.Markup.fsproj", "{F093031B-8B0C-420E-84C0-7BA6EC60592F}"
EndProject
Project("{FAE04EC0-301F-11D3-BF4B-00C04F79EFBC}") = "Zest.App", "src\Zest.App\Zest.App.csproj", "{363648D6-568D-4C75-B95F-AC6DDEBB3FBB}"
EndProject
Global
	GlobalSection(SolutionConfigurationPlatforms) = preSolution
		Debug|Any CPU = Debug|Any CPU
		Release|Any CPU = Release|Any CPU
	EndGlobalSection
	GlobalSection(ProjectConfigurationPlatforms) = postSolution
		{5D9F09AF-4705-4B7F-A0EF-37FD8BE1F1D7}.Debug|Any CPU.ActiveCfg = Debug|Any CPU
		{5D9F09AF-4705-4B7F-A0EF-37FD8BE1F1D7}.Debug|Any CPU.Build.0 = Debug|Any CPU
		{5D9F09AF-4705-4B7F-A0EF-37FD8BE1F1D7}.Release|Any CPU.ActiveCfg = Release|Any CPU
		{5D9F09AF-4705-4B7F-A0EF-37FD8BE1F1D7}.Release|Any CPU.Build.0 = Release|Any CPU
		{DFF61191-9AC2-4A58-89D7-1197E0AE4490}.Debug|Any CPU.ActiveCfg = Debug|Any CPU
		{DFF61191-9AC2-4A58-89D7-1197E0AE4490}.Debug|Any CPU.Build.0 = Debug|Any CPU
		{DFF61191-9AC2-4A58-89D7-1197E0AE4490}.Release|Any CPU.ActiveCfg = Release|Any CPU
		{DFF61191-9AC2-4A58-89D7-1197E0AE4490}.Release|Any CPU.Build.0 = Release|Any CPU
		{F093031B-8B0C-420E-84C0-7BA6EC60592F}.Debug|Any CPU.ActiveCfg = Debug|Any CPU
		{F093031B-8B0C-420E-84C0-7BA6EC60592F}.Debug|Any CPU.Build.0 = Debug|Any CPU
		{F093031B-8B0C-420E-84C0-7BA6EC60592F}.Release|Any CPU.ActiveCfg = Release|Any CPU
		{F093031B-8B0C-420E-84C0-7BA6EC60592F}.Release|Any CPU.Build.0 = Release|Any CPU
		{363648D6-568D-4C75-B95F-AC6DDEBB3FBB}.Debug|Any CPU.ActiveCfg = Debug|Any CPU
		{363648D6-568D-4C75-B95F-AC6DDEBB3FBB}.Debug|Any CPU.Build.0 = Debug|Any CPU
		{363648D6-568D-4C75-B95F-AC6DDEBB3FBB}.Release|Any CPU.ActiveCfg = Release|Any CPU
		{363648D6-568D-4C75-B95F-AC6DDEBB3FBB}.Release|Any CPU.Build.0 = Release|Any CPU
	EndGlobalSection
	GlobalSection(SolutionProperties) = preSolution
		HideSolutionNode = FALSE
	EndGlobalSection
	GlobalSection(NestedProjects) = preSolution
		{5D9F09AF-4705-4B7F-A0EF-37FD8BE1F1D7} = {0A7E2F41-3C55-4F2B-9B47-2E4A6D0C9E11}
		{DFF61191-9AC2-4A58-89D7-1197E0AE4490} = {827E0CD3-B72D-47B6-A68D-7590B98EB39B}
		{F093031B-8B0C-420E-84C0-7BA6EC60592F} = {827E0CD3-B72D-47B6-A68D-7590B98EB39B}
		{363648D6-568D-4C75-B95F-AC6DDEBB3FBB} = {827E0CD3-B72D-47B6-A68D-7590B98EB39B}
	EndGlobalSection
EndGlobal
